<?xml version="1.0" encoding="utf-8"?>
<Project ToolsVersion="4.0" xmlns="http://schemas.microsoft.com/developer/msbuild/2003">
  <ItemGroup>
    <Filter Include="헤더 파일">
      <UniqueIdentifier>{93995380-89BD-4b04-88EB-625FBE52EBFB}</UniqueIdentifier>
      <Extensions>h;hh;hpp;hxx;h++;hm;inl;inc;ipp;xsd</Extensions>
    </Filter>
    <Filter Include="리소스 파일">
      <UniqueIdentifier>{67DA6AB6-F800-4c08-8B7A-83BB121AAD01}</UniqueIdentifier>
      <Extensions>rc;ico;cur;bmp;dlg;rc2;rct;bin;rgs;gif;jpg;jpeg;jpe;resx;tiff;tif;png;wav;mfcribbon-ms</Extensions>
    </Filter>
    <Filter Include="HLSL">
      <UniqueIdentifier>{d528d9d6-d4fa-4c17-ad5c-c425ca2fc45f}</UniqueIdentifier>
    </Filter>
    <Filter Include="HLSL\Uniform_Grid">
      <UniqueIdentifier>{1ec2eb58-36ad-486f-832c-f958a094f437}</UniqueIdentifier>
    </Filter>
    <Filter Include="HLSL\PCISPH">
      <UniqueIdentifier>{4fbdf4c9-74b1-4659-8c9b-2d1a91c06d9e}</UniqueIdentifier>
    </Filter>
    <Filter Include="src">
      <UniqueIdentifier>{3700b3e7-d5d5-4418-b26f-1bdc39af78da}</UniqueIdentifier>
    </Filter>
    <Filter Include="src\Manager">
      <UniqueIdentifier>{02436f08-af9b-4785-9aed-5896f913ecad}</UniqueIdentifier>
    </Filter>
    <Filter Include="src\SPH">
      <UniqueIdentifier>{5d48af68-8cf1-48b0-bece-44be6b2cd001}</UniqueIdentifier>
    </Filter>
    <Filter Include="src\SPH\Neighborhood">
      <UniqueIdentifier>{8f84d4e6-c64a-477b-a90b-2107760d81ed}</UniqueIdentifier>
    </Filter>
    <Filter Include="src\SPH\SPHScheme">
      <UniqueIdentifier>{30b0c44b-6afa-4068-acf1-701a8da6a927}</UniqueIdentifier>
    </Filter>
    <Filter Include="src\Mesh">
      <UniqueIdentifier>{53e78680-45f3-46e0-a16a-544c6ea25b15}</UniqueIdentifier>
    </Filter>
  </ItemGroup>
  <ItemGroup>
    <FxCompile Include="hlsl\SPH_boundary_PS.hlsl">
      <Filter>HLSL</Filter>
    </FxCompile>
    <FxCompile Include="hlsl\SPH_boundary_VS.hlsl">
      <Filter>HLSL</Filter>
    </FxCompile>
    <FxCompile Include="hlsl\SPH_GS.hlsl">
      <Filter>HLSL</Filter>
    </FxCompile>
    <FxCompile Include="hlsl\SPH_PS.hlsl">
      <Filter>HLSL</Filter>
    </FxCompile>
    <FxCompile Include="hlsl\SPH_VS.hlsl">
      <Filter>HLSL</Filter>
    </FxCompile>
    <FxCompile Include="hlsl\Square_PS.hlsl">
      <Filter>HLSL</Filter>
    </FxCompile>
    <FxCompile Include="hlsl\Square_VS.hlsl">
      <Filter>HLSL</Filter>
    </FxCompile>
    <FxCompile Include="hlsl\find_changed_GCFP_ID_CS.hlsl">
      <Filter>HLSL\Uniform_Grid</Filter>
    </FxCompile>
    <FxCompile Include="hlsl\update_GCFP_CS.hlsl">
      <Filter>HLSL\Uniform_Grid</Filter>
    </FxCompile>
    <FxCompile Include="hlsl\rearrange_GCFP_CS.hlsl">
      <Filter>HLSL\Uniform_Grid</Filter>
    </FxCompile>
    <FxCompile Include="hlsl\update_number_density_CS.hlsl">
      <Filter>HLSL\PCISPH</Filter>
    </FxCompile>
    <FxCompile Include="hlsl\update_scailing_factor_CS.hlsl">
      <Filter>HLSL\PCISPH</Filter>
    </FxCompile>
    <FxCompile Include="hlsl\init_fluid_acceleration_CS.hlsl">
      <Filter>HLSL\PCISPH</Filter>
    </FxCompile>
    <FxCompile Include="hlsl\init_pressure_and_a_pressure.hlsl">
      <Filter>HLSL\PCISPH</Filter>
    </FxCompile>
    <FxCompile Include="hlsl\predict_vel_and_pos_CS.hlsl">
      <Filter>HLSL\PCISPH</Filter>
    </FxCompile>
    <FxCompile Include="hlsl\predict_density_error_and_update_pressure_CS.hlsl">
      <Filter>HLSL\PCISPH</Filter>
    </FxCompile>
    <FxCompile Include="hlsl\update_a_pressure_CS.hlsl">
      <Filter>HLSL\PCISPH</Filter>
    </FxCompile>
    <FxCompile Include="hlsl\apply_BC_CS.hlsl">
      <Filter>HLSL\PCISPH</Filter>
    </FxCompile>
    <FxCompile Include="hlsl\update_ninfo_CS.hlsl">
      <Filter>HLSL\PCISPH</Filter>
    </FxCompile>
    <FxCompile Include="hlsl\update_W_CS.hlsl">
      <Filter>HLSL\PCISPH</Filter>
    </FxCompile>
    <FxCompile Include="hlsl\update_grad_W.hlsl">
      <Filter>HLSL\PCISPH</Filter>
    </FxCompile>
    <FxCompile Include="hlsl\update_laplacian_vel_coeff.hlsl">
      <Filter>HLSL\PCISPH</Filter>
    </FxCompile>
  </ItemGroup>
  <ItemGroup>
    <None Include="hlsl\uniform_grid_common.hlsli">
      <Filter>HLSL\Uniform_Grid</Filter>
    </None>
    <None Include="hlsl\PCISPH_common.hlsli">
      <Filter>HLSL\PCISPH</Filter>
    </None>
    <None Include="hlsl\cubic_spline_kernel.hlsli">
      <Filter>HLSL\PCISPH</Filter>
    </None>
    <None Include="hlsl\Neighbor_Information.hlsli">
      <Filter>HLSL\PCISPH</Filter>
    </None>
  </ItemGroup>
  <ItemGroup>
    <ClCompile Include="src\Device_Manager.cpp">
      <Filter>src\Manager</Filter>
    </ClCompile>
    <ClCompile Include="src\GUI_Manager.cpp">
      <Filter>src\Manager</Filter>
    </ClCompile>
    <ClCompile Include="src\Texture_Manager.cpp">
      <Filter>src\Manager</Filter>
    </ClCompile>
    <ClCompile Include="src\Window_Manager.cpp">
      <Filter>src\Manager</Filter>
    </ClCompile>
    <ClCompile Include="src\Neighborhood_Uniform_Grid.cpp">
      <Filter>src\SPH\Neighborhood</Filter>
    </ClCompile>
    <ClCompile Include="src\Neighborhood_Uniform_Grid_GPU.cpp">
      <Filter>src\SPH\Neighborhood</Filter>
    </ClCompile>
    <ClCompile Include="src\Kernel.cpp">
      <Filter>src\SPH</Filter>
    </ClCompile>
    <ClCompile Include="src\SPH.cpp">
      <Filter>src\SPH</Filter>
    </ClCompile>
    <ClCompile Include="src\Camera.cpp">
      <Filter>src</Filter>
    </ClCompile>
    <ClCompile Include="src\Debugger.cpp">
      <Filter>src</Filter>
    </ClCompile>
    <ClCompile Include="src\main.cpp">
      <Filter>src</Filter>
    </ClCompile>
    <ClCompile Include="src\WCSPH.cpp">
      <Filter>src\SPH\SPHScheme</Filter>
    </ClCompile>
    <ClCompile Include="src\PCISPH.cpp">
      <Filter>src\SPH\SPHScheme</Filter>
    </ClCompile>
    <ClCompile Include="src\PCISPH_GPU.cpp">
      <Filter>src\SPH\SPHScheme</Filter>
    </ClCompile>
    <ClCompile Include="src\Utility.cpp">
      <Filter>src</Filter>
    </ClCompile>
    <ClCompile Include="src\Square.cpp">
      <Filter>src\Mesh</Filter>
    </ClCompile>
  </ItemGroup>
  <ItemGroup>
    <ClInclude Include="src\Device_Manager.h">
      <Filter>src\Manager</Filter>
    </ClInclude>
    <ClInclude Include="src\GUI_Manager.h">
      <Filter>src\Manager</Filter>
    </ClInclude>
    <ClInclude Include="src\Texture_Manager.h">
      <Filter>src\Manager</Filter>
    </ClInclude>
    <ClInclude Include="src\Window_Manager.h">
      <Filter>src\Manager</Filter>
    </ClInclude>
    <ClInclude Include="src\Neighborhood.h">
      <Filter>src\SPH\Neighborhood</Filter>
    </ClInclude>
    <ClInclude Include="src\Neighborhood_Brute_Force.h">
      <Filter>src\SPH\Neighborhood</Filter>
    </ClInclude>
    <ClInclude Include="src\Neighborhood_Uniform_Grid.h">
      <Filter>src\SPH\Neighborhood</Filter>
    </ClInclude>
    <ClInclude Include="src\Neighborhood_Uniform_Grid_GPU.h">
      <Filter>src\SPH\Neighborhood</Filter>
    </ClInclude>
    <ClInclude Include="src\Kernel.h">
      <Filter>src\SPH</Filter>
    </ClInclude>
    <ClInclude Include="src\SPH.h">
      <Filter>src\SPH</Filter>
    </ClInclude>
    <ClInclude Include="src\SPH_Common_Data.h">
      <Filter>src\SPH</Filter>
    </ClInclude>
    <ClInclude Include="src\Abbreviation.h">
      <Filter>src</Filter>
    </ClInclude>
    <ClInclude Include="src\Camera.h">
      <Filter>src</Filter>
    </ClInclude>
    <ClInclude Include="src\Debugger.h">
      <Filter>src</Filter>
    </ClInclude>
    <ClInclude Include="src\SPH_Scheme.h">
      <Filter>src\SPH\SPHScheme</Filter>
    </ClInclude>
    <ClInclude Include="src\WCSPH.h">
      <Filter>src\SPH\SPHScheme</Filter>
    </ClInclude>
    <ClInclude Include="src\PCISPH.h">
      <Filter>src\SPH\SPHScheme</Filter>
    </ClInclude>
    <ClInclude Include="src\PCISPH_GPU.h">
      <Filter>src\SPH\SPHScheme</Filter>
    </ClInclude>
    <ClInclude Include="src\Utility.h">
      <Filter>src</Filter>
    </ClInclude>
    <ClInclude Include="src\Mesh.h">
      <Filter>src\Mesh</Filter>
    </ClInclude>
    <ClInclude Include="src\Square.h">
      <Filter>src\Mesh</Filter>
    </ClInclude>
  </ItemGroup>
</Project>